
Microsoft Visual Studio Solution File, Format Version 12.00
# Visual Studio Version 16
VisualStudioVersion = 16.0.30225.117
MinimumVisualStudioVersion = 10.0.40219.1
Project("{9092AA53-FB77-4645-B42D-1CCCA6BD08BD}") = "slt-test-writer", "slt-test-writer.njsproj", "{94891AE0-FAD5-4740-A05C-DD1F410ED4A2}"
EndProject
Global
	GlobalSection(SolutionConfigurationPlatforms) = preSolution
		Debug|Any CPU = Debug|Any CPU
		Release|Any CPU = Release|Any CPU
	EndGlobalSection
	GlobalSection(ProjectConfigurationPlatforms) = postSolution
		{94891AE0-FAD5-4740-A05C-DD1F410ED4A2}.Debug|Any CPU.ActiveCfg = Debug|Any CPU
		{94891AE0-FAD5-4740-A05C-DD1F410ED4A2}.Debug|Any CPU.Build.0 = Debug|Any CPU
		{94891AE0-FAD5-4740-A05C-DD1F410ED4A2}.Release|Any CPU.ActiveCfg = Release|Any CPU
		{94891AE0-FAD5-4740-A05C-DD1F410ED4A2}.Release|Any CPU.Build.0 = Release|Any CPU
	EndGlobalSection
	GlobalSection(SolutionProperties) = preSolution
		HideSolutionNode = FALSE
	EndGlobalSection
	GlobalSection(ExtensibilityGlobals) = postSolution
		SolutionGuid = {8444D969-03BF-47AC-A22B-390116725291}
	EndGlobalSection
EndGlobal
